
Microsoft Visual Studio Solution File, Format Version 12.00
# Visual Studio Version 17
VisualStudioVersion = 17.9.34622.214
MinimumVisualStudioVersion = 10.0.40219.1
Project("{9A19103F-16F7-4668-BE54-9A1E7A4F7556}") = "MatrixMulitplication", "MatrixMulitplication\MatrixMulitplication.csproj", "{F4317B85-3F68-40FE-A79F-E83339B7300B}"
EndProject
Project("{9A19103F-16F7-4668-BE54-9A1E7A4F7556}") = "GUI", "GUI\GUI.csproj", "{EC48E41E-F2C3-4106-BFA8-7064B4664BE4}"
EndProject
Project("{FAE04EC0-301F-11D3-BF4B-00C04F79EFBC}") = "Pictures", "Pictures\Pictures.csproj", "{2FB72863-74CA-4E76-AE99-C4E5275A52FE}"
EndProject
Global
	GlobalSection(SolutionConfigurationPlatforms) = preSolution
		Debug|Any CPU = Debug|Any CPU
		Release|Any CPU = Release|Any CPU
	EndGlobalSection
	GlobalSection(ProjectConfigurationPlatforms) = postSolution
		{F4317B85-3F68-40FE-A79F-E83339B7300B}.Debug|Any CPU.ActiveCfg = Debug|Any CPU
		{F4317B85-3F68-40FE-A79F-E83339B7300B}.Debug|Any CPU.Build.0 = Debug|Any CPU
		{F4317B85-3F68-40FE-A79F-E83339B7300B}.Release|Any CPU.ActiveCfg = Release|Any CPU
		{F4317B85-3F68-40FE-A79F-E83339B7300B}.Release|Any CPU.Build.0 = Release|Any CPU
		{EC48E41E-F2C3-4106-BFA8-7064B4664BE4}.Debug|Any CPU.ActiveCfg = Debug|Any CPU
		{EC48E41E-F2C3-4106-BFA8-7064B4664BE4}.Debug|Any CPU.Build.0 = Debug|Any CPU
		{EC48E41E-F2C3-4106-BFA8-7064B4664BE4}.Release|Any CPU.ActiveCfg = Release|Any CPU
		{EC48E41E-F2C3-4106-BFA8-7064B4664BE4}.Release|Any CPU.Build.0 = Release|Any CPU
		{2FB72863-74CA-4E76-AE99-C4E5275A52FE}.Debug|Any CPU.ActiveCfg = Debug|Any CPU
		{2FB72863-74CA-4E76-AE99-C4E5275A52FE}.Debug|Any CPU.Build.0 = Debug|Any CPU
		{2FB72863-74CA-4E76-AE99-C4E5275A52FE}.Release|Any CPU.ActiveCfg = Release|Any CPU
		{2FB72863-74CA-4E76-AE99-C4E5275A52FE}.Release|Any CPU.Build.0 = Release|Any CPU
	EndGlobalSection
	GlobalSection(SolutionProperties) = preSolution
		HideSolutionNode = FALSE
	EndGlobalSection
	GlobalSection(ExtensibilityGlobals) = postSolution
		SolutionGuid = {B3BF15D3-A04B-4A97-AC03-A1D1F1769917}
	EndGlobalSection
EndGlobal
